
Microsoft Visual Studio Solution File, Format Version 12.00
# Visual Studio 15
VisualStudioVersion = 15.0.28010.2026
MinimumVisualStudioVersion = 10.0.40219.1
Project("{8BC9CEB8-8B4A-11D0-8D11-00A0C91BC942}") = "Edicational Codefoces Round 63(Rated for Div. 2)", "Edicational Codefoces Round 63(Rated for Div. 2)\Edicational Codefoces Round 63(Rated for Div. 2).vcxproj", "{F5523E38-A7E0-4064-AE8B-279CFD7D5368}"
EndProject
Global
	GlobalSection(SolutionConfigurationPlatforms) = preSolution
		Debug|x64 = Debug|x64
		Debug|x86 = Debug|x86
		Release|x64 = Release|x64
		Release|x86 = Release|x86
	EndGlobalSection
	GlobalSection(ProjectConfigurationPlatforms) = postSolution
		{F5523E38-A7E0-4064-AE8B-279CFD7D5368}.Debug|x64.ActiveCfg = Debug|x64
		{F5523E38-A7E0-4064-AE8B-279CFD7D5368}.Debug|x64.Build.0 = Debug|x64
		{F5523E38-A7E0-4064-AE8B-279CFD7D5368}.Debug|x86.ActiveCfg = Debug|Win32
		{F5523E38-A7E0-4064-AE8B-279CFD7D5368}.Debug|x86.Build.0 = Debug|Win32
		{F5523E38-A7E0-4064-AE8B-279CFD7D5368}.Release|x64.ActiveCfg = Release|x64
		{F5523E38-A7E0-4064-AE8B-279CFD7D5368}.Release|x64.Build.0 = Release|x64
		{F5523E38-A7E0-4064-AE8B-279CFD7D5368}.Release|x86.ActiveCfg = Release|Win32
		{F5523E38-A7E0-4064-AE8B-279CFD7D5368}.Release|x86.Build.0 = Release|Win32
	EndGlobalSection
	GlobalSection(SolutionProperties) = preSolution
		HideSolutionNode = FALSE
	EndGlobalSection
	GlobalSection(ExtensibilityGlobals) = postSolution
		SolutionGuid = {C8A28572-59A2-47C2-BF8B-1402C13FC008}
	EndGlobalSection
EndGlobal
